
Microsoft Visual Studio Solution File, Format Version 12.00
# Visual Studio Version 16
VisualStudioVersion = 16.0.31624.102
MinimumVisualStudioVersion = 10.0.40219.1
Project("{9A19103F-16F7-4668-BE54-9A1E7A4F7556}") = "ZT23", "ZT23\ZT23.csproj", "{4CAD6F12-62CB-452A-9079-518B3A92FCEA}"
EndProject
Global
	GlobalSection(SolutionConfigurationPlatforms) = preSolution
		Debug|Any CPU = Debug|Any CPU
		Release|Any CPU = Release|Any CPU
	EndGlobalSection
	GlobalSection(ProjectConfigurationPlatforms) = postSolution
		{4CAD6F12-62CB-452A-9079-518B3A92FCEA}.Debug|Any CPU.ActiveCfg = Debug|Any CPU
		{4CAD6F12-62CB-452A-9079-518B3A92FCEA}.Debug|Any CPU.Build.0 = Debug|Any CPU
		{4CAD6F12-62CB-452A-9079-518B3A92FCEA}.Release|Any CPU.ActiveCfg = Release|Any CPU
		{4CAD6F12-62CB-452A-9079-518B3A92FCEA}.Release|Any CPU.Build.0 = Release|Any CPU
	EndGlobalSection
	GlobalSection(SolutionProperties) = preSolution
		HideSolutionNode = FALSE
	EndGlobalSection
	GlobalSection(ExtensibilityGlobals) = postSolution
		SolutionGuid = {B1CAC34E-CDE3-4B9A-90DF-EE8A0EBD6086}
	EndGlobalSection
EndGlobal
